
Microsoft Visual Studio Solution File, Format Version 12.00
# Visual Studio Version 17
VisualStudioVersion = 17.0.32014.148
MinimumVisualStudioVersion = 10.0.40219.1
Project("{FAE04EC0-301F-11D3-BF4B-00C04F79EFBC}") = "Admin eDolly desktop", "Admin_eDolly_Desktop\Admin eDolly desktop.csproj", "{543BB7A1-F3AA-4BC9-B88B-E9ED3AE6BD5A}"
EndProject
Project("{9A19103F-16F7-4668-BE54-9A1E7A4F7556}") = "GenerateTestData", "GenerateTestData\GenerateTestData.csproj", "{B6CAC231-D209-44DA-9BA1-BB5A68C09882}"
EndProject
Project("{FAE04EC0-301F-11D3-BF4B-00C04F79EFBC}") = "DatabaseRecordCorrection", "DatabaseRecordCorrection\DatabaseRecordCorrection.csproj", "{71E9AC32-78B3-4B33-A581-75A771A782BE}"
EndProject
Global
	GlobalSection(SolutionConfigurationPlatforms) = preSolution
		Debug|Any CPU = Debug|Any CPU
		Release|Any CPU = Release|Any CPU
	EndGlobalSection
	GlobalSection(ProjectConfigurationPlatforms) = postSolution
		{543BB7A1-F3AA-4BC9-B88B-E9ED3AE6BD5A}.Debug|Any CPU.ActiveCfg = Debug|Any CPU
		{543BB7A1-F3AA-4BC9-B88B-E9ED3AE6BD5A}.Debug|Any CPU.Build.0 = Debug|Any CPU
		{543BB7A1-F3AA-4BC9-B88B-E9ED3AE6BD5A}.Release|Any CPU.ActiveCfg = Release|Any CPU
		{543BB7A1-F3AA-4BC9-B88B-E9ED3AE6BD5A}.Release|Any CPU.Build.0 = Release|Any CPU
		{B6CAC231-D209-44DA-9BA1-BB5A68C09882}.Debug|Any CPU.ActiveCfg = Debug|Any CPU
		{B6CAC231-D209-44DA-9BA1-BB5A68C09882}.Debug|Any CPU.Build.0 = Debug|Any CPU
		{B6CAC231-D209-44DA-9BA1-BB5A68C09882}.Release|Any CPU.ActiveCfg = Release|Any CPU
		{B6CAC231-D209-44DA-9BA1-BB5A68C09882}.Release|Any CPU.Build.0 = Release|Any CPU
		{71E9AC32-78B3-4B33-A581-75A771A782BE}.Debug|Any CPU.ActiveCfg = Debug|Any CPU
		{71E9AC32-78B3-4B33-A581-75A771A782BE}.Debug|Any CPU.Build.0 = Debug|Any CPU
		{71E9AC32-78B3-4B33-A581-75A771A782BE}.Release|Any CPU.ActiveCfg = Release|Any CPU
		{71E9AC32-78B3-4B33-A581-75A771A782BE}.Release|Any CPU.Build.0 = Release|Any CPU
	EndGlobalSection
	GlobalSection(SolutionProperties) = preSolution
		HideSolutionNode = FALSE
	EndGlobalSection
	GlobalSection(ExtensibilityGlobals) = postSolution
		SolutionGuid = {92CA780A-418F-451D-BE37-E6427444676B}
	EndGlobalSection
EndGlobal
